
Microsoft Visual Studio Solution File, Format Version 12.00
# Visual Studio 15
VisualStudioVersion = 15.0.27130.2024
MinimumVisualStudioVersion = 10.0.40219.1
Project("{FAE04EC0-301F-11D3-BF4B-00C04F79EFBC}") = "Yahtzee", "Yahtzee\Yahtzee.csproj", "{ABA8AB3D-8096-4729-A5E7-4E46F70C2076}"
EndProject
Global
	GlobalSection(SolutionConfigurationPlatforms) = preSolution
		Debug|Any CPU = Debug|Any CPU
		Release|Any CPU = Release|Any CPU
	EndGlobalSection
	GlobalSection(ProjectConfigurationPlatforms) = postSolution
		{ABA8AB3D-8096-4729-A5E7-4E46F70C2076}.Debug|Any CPU.ActiveCfg = Debug|Any CPU
		{ABA8AB3D-8096-4729-A5E7-4E46F70C2076}.Debug|Any CPU.Build.0 = Debug|Any CPU
		{ABA8AB3D-8096-4729-A5E7-4E46F70C2076}.Release|Any CPU.ActiveCfg = Release|Any CPU
		{ABA8AB3D-8096-4729-A5E7-4E46F70C2076}.Release|Any CPU.Build.0 = Release|Any CPU
	EndGlobalSection
	GlobalSection(SolutionProperties) = preSolution
		HideSolutionNode = FALSE
	EndGlobalSection
	GlobalSection(ExtensibilityGlobals) = postSolution
		SolutionGuid = {68DC2BFC-526C-420F-BADD-5AFA3405B725}
	EndGlobalSection
EndGlobal
